# auto-generated by grc.converter

id: electrosense_variable_updater
label: Variable updater
category: '[Electrosense]'

inputs:
-   domain: message
    id: in

templates:
    imports: import electrosense
    make: |-
        electrosense.variable_updater
        self.${id}.register_instance(self)

file_format: 1
