# auto-generated by grc.converter

id: electrosense_rpi_gpufft
label: RPI gpufft
category: '[Electrosense]'

parameters:
-   id: fft_size
    label: FFT Size
    dtype: int
    default: '512'
    hide: ${ 'part' if vlen == 1 else 'none' }
-   id: forward
    label: Forward/Reverse
    dtype: enum
    options: ['True', 'False']
    option_labels: [Forward, Reverse]
-   id: shift
    label: Shift
    dtype: enum
    options: ['True', 'False']
    option_labels: ['Yes', 'No']
-   id: njobs
    label: Num. Jobs
    dtype: int
    default: '16'

inputs:
-   domain: stream
    dtype: complex
    vlen: ${ fft_size }

outputs:
-   domain: stream
    dtype: complex
    vlen: ${ fft_size }

templates:
    imports: import electrosense
    make: electrosense.rpi_gpufft(${fft_size}, ${forward}, ${shift}, ${njobs})

file_format: 1
