# auto-generated by grc.converter

id: electrosense_mqtt_client
label: MQTT client
category: '[Electrosense]'

parameters:
-   id: server
    label: Server IP
    dtype: string
    default: 127.0.0.1
-   id: port
    label: Port
    dtype: int
    default: '1883'
-   id: channel
    label: Channel
    dtype: string
    default: electrosense
-   id: ca_cert
    label: CA certificate
    dtype: string
-   id: certfile
    label: Client certificate(PEM)
    dtype: string
-   id: keyfile
    label: Private key(PEM)
    dtype: string
-   id: avrofile-mqtt
    label: Schema file
    dtype: string
    default: FullSchema.avsc

outputs:
-   domain: message
    id: out

templates:
    imports: import electrosense
    make: electrosense.mqtt_client(${server}, ${port}, ${channel}, ${ca_cert}, ${certfile},
        ${keyfile})

file_format: 1
