# auto-generated by grc.converter

id: electrosense_mqtt_client
label: MQTT client
category: '[Electrosense]'

templates:
  imports: import electrosense
  make: electrosense.mqtt_client(${test2})

#  Make one 'parameters' list entry for every parameter you want settable from the GUI.
#     Keys include:
#     * id (makes the value accessible as keyname, e.g. in the make entry)
#     * label (label shown in the GUI)
#     * dtype (e.g. int, float, complex, byte, short, xxx_vector, ...)
parameters:
-   id: server
    label: Server IP
    dtype: string
    default: 127.0.0.1
-   id: port
    label: Port
    dtype: int
    default: '1883'
-   id: channel
    label: Channel
    dtype: string
    default: electrosense
-   id: ca_cert
    label: CA certificate
    dtype: string
-   id: certfile
    label: Client certificate(PEM)
    dtype: string
-   id: keyfile
    label: Private key(PEM)
    dtype: string

outputs:
-   domain: message
    id: out

templates:
    imports: import electrosense
    make: electrosense.mqtt_client(${server}, ${port}, ${channel}, ${ca_cert}, ${certfile},
        ${keyfile})

file_format: 1
